
Microsoft Visual Studio Solution File, Format Version 12.00
# Visual Studio 15
VisualStudioVersion = 15.0.27130.2027
MinimumVisualStudioVersion = 10.0.40219.1
Project("{2150E333-8FDC-42A3-9474-1A3956D46DE8}") = "Aula1", "Aula1", "{1F818072-5A7B-4710-B5B6-5D19F15E383C}"
EndProject
Project("{2150E333-8FDC-42A3-9474-1A3956D46DE8}") = "Aula0", "Aula0", "{4FCDB22D-F690-4887-B454-1E9714D2A772}"
EndProject
Project("{2150E333-8FDC-42A3-9474-1A3956D46DE8}") = "Parte1", "Parte1", "{4AABF3E9-A8FA-4350-8B52-B6E51A7E6C56}"
EndProject
Project("{2150E333-8FDC-42A3-9474-1A3956D46DE8}") = "Parte2", "Parte2", "{B512B327-2EBC-42FE-931F-453ADCA3C74D}"
EndProject
Project("{9A19103F-16F7-4668-BE54-9A1E7A4F7556}") = "CasaDoCodigo.ASPNETCore20", "Parte1\CasaDoCodigo.ASPNETCore20\CasaDoCodigo.ASPNETCore20.csproj", "{83EC6045-A3EB-4548-A7AF-C738B56820E1}"
EndProject
Project("{2150E333-8FDC-42A3-9474-1A3956D46DE8}") = "Aulas", "Aulas", "{75BE9FF9-2E7E-4A69-BC4D-D026109CFBE1}"
EndProject
Project("{2150E333-8FDC-42A3-9474-1A3956D46DE8}") = "_Recursos", "_Recursos", "{B7D9C88D-790A-4AD3-BE37-F9583961AD4A}"
EndProject
Project("{2150E333-8FDC-42A3-9474-1A3956D46DE8}") = "views-com-bootstrap", "views-com-bootstrap", "{A4366231-3C3D-48EA-B4FD-AB777A5F9C91}"
	ProjectSection(SolutionItems) = preProject
		_Recursos\views-com-bootstrap\Cadastro.cshtml = _Recursos\views-com-bootstrap\Cadastro.cshtml
		_Recursos\views-com-bootstrap\Carrinho.cshtml = _Recursos\views-com-bootstrap\Carrinho.cshtml
		_Recursos\views-com-bootstrap\Carrossel.cshtml = _Recursos\views-com-bootstrap\Carrossel.cshtml
		_Recursos\views-com-bootstrap\Resumo.cshtml = _Recursos\views-com-bootstrap\Resumo.cshtml
	EndProjectSection
EndProject
Project("{9A19103F-16F7-4668-BE54-9A1E7A4F7556}") = "CasaDoCodigo.Aula1", "Aulas\Aula1\CasaDoCodigo\CasaDoCodigo.Aula1.csproj", "{E68B415A-93DD-4704-961E-4A712BFB26AB}"
EndProject
Project("{9A19103F-16F7-4668-BE54-9A1E7A4F7556}") = "CasaDoCodigo.ASPNETCore1x", "Aulas\Aula0\ASPNETCore1x\CasaDoCodigo.ASPNETCore1x.csproj", "{880788AD-BB39-4D0D-A56E-95F3C0710933}"
EndProject
Project("{9A19103F-16F7-4668-BE54-9A1E7A4F7556}") = "CasaDoCodigo.ASPNETCore1xMigradoPara20", "Aulas\Aula0\ASPNETCore1xMigradoPara20\CasaDoCodigo.ASPNETCore1xMigradoPara20.csproj", "{0F0E3F23-3BA3-43DD-8BAA-A391E837E206}"
EndProject
Project("{FAE04EC0-301F-11D3-BF4B-00C04F79EFBC}") = "ConsoleApp1", "Aulas\Aula0\ConsoleApp1\ConsoleApp1.csproj", "{9CFECDF8-C09D-4278-B4D9-143575A129D8}"
EndProject
Project("{2150E333-8FDC-42A3-9474-1A3956D46DE8}") = "produtos", "produtos", "{7B61AE4B-6016-4912-9DBA-D625EA96466D}"
	ProjectSection(SolutionItems) = preProject
		_Recursos\produtos\large_001.jpg = _Recursos\produtos\large_001.jpg
		_Recursos\produtos\large_002.jpg = _Recursos\produtos\large_002.jpg
		_Recursos\produtos\large_003.jpg = _Recursos\produtos\large_003.jpg
		_Recursos\produtos\large_004.jpg = _Recursos\produtos\large_004.jpg
		_Recursos\produtos\large_005.jpg = _Recursos\produtos\large_005.jpg
		_Recursos\produtos\large_006.jpg = _Recursos\produtos\large_006.jpg
		_Recursos\produtos\large_007.jpg = _Recursos\produtos\large_007.jpg
		_Recursos\produtos\large_008.jpg = _Recursos\produtos\large_008.jpg
		_Recursos\produtos\large_009.jpg = _Recursos\produtos\large_009.jpg
		_Recursos\produtos\large_010.jpg = _Recursos\produtos\large_010.jpg
		_Recursos\produtos\large_011.jpg = _Recursos\produtos\large_011.jpg
		_Recursos\produtos\large_012.jpg = _Recursos\produtos\large_012.jpg
		_Recursos\produtos\large_013.jpg = _Recursos\produtos\large_013.jpg
		_Recursos\produtos\large_014.jpg = _Recursos\produtos\large_014.jpg
		_Recursos\produtos\large_015.jpg = _Recursos\produtos\large_015.jpg
		_Recursos\produtos\large_016.jpg = _Recursos\produtos\large_016.jpg
		_Recursos\produtos\large_017.jpg = _Recursos\produtos\large_017.jpg
		_Recursos\produtos\large_018.jpg = _Recursos\produtos\large_018.jpg
		_Recursos\produtos\large_019.jpg = _Recursos\produtos\large_019.jpg
		_Recursos\produtos\large_020.jpg = _Recursos\produtos\large_020.jpg
		_Recursos\produtos\large_021.jpg = _Recursos\produtos\large_021.jpg
		_Recursos\produtos\large_022.jpg = _Recursos\produtos\large_022.jpg
		_Recursos\produtos\large_023.jpg = _Recursos\produtos\large_023.jpg
		_Recursos\produtos\large_024.jpg = _Recursos\produtos\large_024.jpg
		_Recursos\produtos\large_025.jpg = _Recursos\produtos\large_025.jpg
		_Recursos\produtos\large_026.jpg = _Recursos\produtos\large_026.jpg
		_Recursos\produtos\large_027.jpg = _Recursos\produtos\large_027.jpg
		_Recursos\produtos\large_028.jpg = _Recursos\produtos\large_028.jpg
		_Recursos\produtos\large_029.jpg = _Recursos\produtos\large_029.jpg
		_Recursos\produtos\large_030.jpg = _Recursos\produtos\large_030.jpg
		_Recursos\produtos\large_031.jpg = _Recursos\produtos\large_031.jpg
		_Recursos\produtos\large_032.jpg = _Recursos\produtos\large_032.jpg
		_Recursos\produtos\large_033.jpg = _Recursos\produtos\large_033.jpg
		_Recursos\produtos\large_034.jpg = _Recursos\produtos\large_034.jpg
		_Recursos\produtos\large_035.jpg = _Recursos\produtos\large_035.jpg
		_Recursos\produtos\large_036.jpg = _Recursos\produtos\large_036.jpg
		_Recursos\produtos\large_037.jpg = _Recursos\produtos\large_037.jpg
		_Recursos\produtos\large_038.jpg = _Recursos\produtos\large_038.jpg
		_Recursos\produtos\large_039.jpg = _Recursos\produtos\large_039.jpg
		_Recursos\produtos\large_040.jpg = _Recursos\produtos\large_040.jpg
		_Recursos\produtos\large_041.jpg = _Recursos\produtos\large_041.jpg
		_Recursos\produtos\large_042.jpg = _Recursos\produtos\large_042.jpg
		_Recursos\produtos\large_043.jpg = _Recursos\produtos\large_043.jpg
		_Recursos\produtos\large_044.jpg = _Recursos\produtos\large_044.jpg
		_Recursos\produtos\large_045.jpg = _Recursos\produtos\large_045.jpg
		_Recursos\produtos\large_046.jpg = _Recursos\produtos\large_046.jpg
		_Recursos\produtos\large_047.jpg = _Recursos\produtos\large_047.jpg
		_Recursos\produtos\large_048.jpg = _Recursos\produtos\large_048.jpg
		_Recursos\produtos\large_049.jpg = _Recursos\produtos\large_049.jpg
		_Recursos\produtos\large_050.jpg = _Recursos\produtos\large_050.jpg
		_Recursos\produtos\large_051.jpg = _Recursos\produtos\large_051.jpg
		_Recursos\produtos\large_052.jpg = _Recursos\produtos\large_052.jpg
		_Recursos\produtos\large_053.jpg = _Recursos\produtos\large_053.jpg
		_Recursos\produtos\large_054.jpg = _Recursos\produtos\large_054.jpg
		_Recursos\produtos\large_055.jpg = _Recursos\produtos\large_055.jpg
		_Recursos\produtos\large_056.jpg = _Recursos\produtos\large_056.jpg
		_Recursos\produtos\large_057.jpg = _Recursos\produtos\large_057.jpg
		_Recursos\produtos\large_058.jpg = _Recursos\produtos\large_058.jpg
		_Recursos\produtos\large_059.jpg = _Recursos\produtos\large_059.jpg
		_Recursos\produtos\large_060.jpg = _Recursos\produtos\large_060.jpg
		_Recursos\produtos\large_061.jpg = _Recursos\produtos\large_061.jpg
		_Recursos\produtos\large_062.jpg = _Recursos\produtos\large_062.jpg
		_Recursos\produtos\large_063.jpg = _Recursos\produtos\large_063.jpg
		_Recursos\produtos\large_064.jpg = _Recursos\produtos\large_064.jpg
		_Recursos\produtos\large_065.jpg = _Recursos\produtos\large_065.jpg
		_Recursos\produtos\livros.txt = _Recursos\produtos\livros.txt
	EndProjectSection
EndProject
Project("{2150E333-8FDC-42A3-9474-1A3956D46DE8}") = "logos", "logos", "{5606724E-7EF7-4DCF-9B5E-AD21B9AEE6D0}"
	ProjectSection(SolutionItems) = preProject
		_Recursos\logos\logo.png = _Recursos\logos\logo.png
	EndProjectSection
EndProject
Project("{2150E333-8FDC-42A3-9474-1A3956D46DE8}") = "css", "css", "{A42C85AC-52B2-4AED-AC36-977C32333564}"
	ProjectSection(SolutionItems) = preProject
		_Recursos\css\site.css = _Recursos\css\site.css
	EndProjectSection
EndProject
Project("{2150E333-8FDC-42A3-9474-1A3956D46DE8}") = "dados", "dados", "{D7E0C086-0FBC-4AE8-8A9B-BB1D1C2457B3}"
	ProjectSection(SolutionItems) = preProject
		_Recursos\dados\livros.json = _Recursos\dados\livros.json
		_Recursos\dados\modelo.png = _Recursos\dados\modelo.png
		_Recursos\dados\modelo.txt = _Recursos\dados\modelo.txt
	EndProjectSection
EndProject
Project("{2150E333-8FDC-42A3-9474-1A3956D46DE8}") = "Aula2", "Aula2", "{9AF88358-6D46-4C96-A765-D91183C2FF3C}"
EndProject
Project("{9A19103F-16F7-4668-BE54-9A1E7A4F7556}") = "CasaDoCodigo", "Aulas\Aula2\CasaDoCodigo\CasaDoCodigo.csproj", "{C2472479-D060-411D-A88B-FAAEE44BE4E5}"
EndProject
Global
	GlobalSection(SolutionConfigurationPlatforms) = preSolution
		Debug|Any CPU = Debug|Any CPU
		Release|Any CPU = Release|Any CPU
	EndGlobalSection
	GlobalSection(ProjectConfigurationPlatforms) = postSolution
		{83EC6045-A3EB-4548-A7AF-C738B56820E1}.Debug|Any CPU.ActiveCfg = Debug|Any CPU
		{83EC6045-A3EB-4548-A7AF-C738B56820E1}.Debug|Any CPU.Build.0 = Debug|Any CPU
		{83EC6045-A3EB-4548-A7AF-C738B56820E1}.Release|Any CPU.ActiveCfg = Release|Any CPU
		{83EC6045-A3EB-4548-A7AF-C738B56820E1}.Release|Any CPU.Build.0 = Release|Any CPU
		{E68B415A-93DD-4704-961E-4A712BFB26AB}.Debug|Any CPU.ActiveCfg = Debug|Any CPU
		{E68B415A-93DD-4704-961E-4A712BFB26AB}.Debug|Any CPU.Build.0 = Debug|Any CPU
		{E68B415A-93DD-4704-961E-4A712BFB26AB}.Release|Any CPU.ActiveCfg = Release|Any CPU
		{E68B415A-93DD-4704-961E-4A712BFB26AB}.Release|Any CPU.Build.0 = Release|Any CPU
		{880788AD-BB39-4D0D-A56E-95F3C0710933}.Debug|Any CPU.ActiveCfg = Debug|Any CPU
		{880788AD-BB39-4D0D-A56E-95F3C0710933}.Debug|Any CPU.Build.0 = Debug|Any CPU
		{880788AD-BB39-4D0D-A56E-95F3C0710933}.Release|Any CPU.ActiveCfg = Release|Any CPU
		{880788AD-BB39-4D0D-A56E-95F3C0710933}.Release|Any CPU.Build.0 = Release|Any CPU
		{0F0E3F23-3BA3-43DD-8BAA-A391E837E206}.Debug|Any CPU.ActiveCfg = Debug|Any CPU
		{0F0E3F23-3BA3-43DD-8BAA-A391E837E206}.Debug|Any CPU.Build.0 = Debug|Any CPU
		{0F0E3F23-3BA3-43DD-8BAA-A391E837E206}.Release|Any CPU.ActiveCfg = Release|Any CPU
		{0F0E3F23-3BA3-43DD-8BAA-A391E837E206}.Release|Any CPU.Build.0 = Release|Any CPU
		{9CFECDF8-C09D-4278-B4D9-143575A129D8}.Debug|Any CPU.ActiveCfg = Debug|Any CPU
		{9CFECDF8-C09D-4278-B4D9-143575A129D8}.Debug|Any CPU.Build.0 = Debug|Any CPU
		{9CFECDF8-C09D-4278-B4D9-143575A129D8}.Release|Any CPU.ActiveCfg = Release|Any CPU
		{9CFECDF8-C09D-4278-B4D9-143575A129D8}.Release|Any CPU.Build.0 = Release|Any CPU
		{C2472479-D060-411D-A88B-FAAEE44BE4E5}.Debug|Any CPU.ActiveCfg = Debug|Any CPU
		{C2472479-D060-411D-A88B-FAAEE44BE4E5}.Debug|Any CPU.Build.0 = Debug|Any CPU
		{C2472479-D060-411D-A88B-FAAEE44BE4E5}.Release|Any CPU.ActiveCfg = Release|Any CPU
		{C2472479-D060-411D-A88B-FAAEE44BE4E5}.Release|Any CPU.Build.0 = Release|Any CPU
	EndGlobalSection
	GlobalSection(SolutionProperties) = preSolution
		HideSolutionNode = FALSE
	EndGlobalSection
	GlobalSection(NestedProjects) = preSolution
		{1F818072-5A7B-4710-B5B6-5D19F15E383C} = {75BE9FF9-2E7E-4A69-BC4D-D026109CFBE1}
		{83EC6045-A3EB-4548-A7AF-C738B56820E1} = {4AABF3E9-A8FA-4350-8B52-B6E51A7E6C56}
		{A4366231-3C3D-48EA-B4FD-AB777A5F9C91} = {B7D9C88D-790A-4AD3-BE37-F9583961AD4A}
		{E68B415A-93DD-4704-961E-4A712BFB26AB} = {1F818072-5A7B-4710-B5B6-5D19F15E383C}
		{880788AD-BB39-4D0D-A56E-95F3C0710933} = {4FCDB22D-F690-4887-B454-1E9714D2A772}
		{0F0E3F23-3BA3-43DD-8BAA-A391E837E206} = {4FCDB22D-F690-4887-B454-1E9714D2A772}
		{9CFECDF8-C09D-4278-B4D9-143575A129D8} = {4FCDB22D-F690-4887-B454-1E9714D2A772}
		{7B61AE4B-6016-4912-9DBA-D625EA96466D} = {B7D9C88D-790A-4AD3-BE37-F9583961AD4A}
		{5606724E-7EF7-4DCF-9B5E-AD21B9AEE6D0} = {B7D9C88D-790A-4AD3-BE37-F9583961AD4A}
		{A42C85AC-52B2-4AED-AC36-977C32333564} = {B7D9C88D-790A-4AD3-BE37-F9583961AD4A}
		{D7E0C086-0FBC-4AE8-8A9B-BB1D1C2457B3} = {B7D9C88D-790A-4AD3-BE37-F9583961AD4A}
		{9AF88358-6D46-4C96-A765-D91183C2FF3C} = {75BE9FF9-2E7E-4A69-BC4D-D026109CFBE1}
		{C2472479-D060-411D-A88B-FAAEE44BE4E5} = {9AF88358-6D46-4C96-A765-D91183C2FF3C}
	EndGlobalSection
	GlobalSection(ExtensibilityGlobals) = postSolution
		SolutionGuid = {8C6D5C1D-6CD5-4BA7-A575-DC5A3F15B434}
	EndGlobalSection
EndGlobal
